# THIS IS AN AUTOGENERATED FILE. DO NOT EDIT THIS FILE DIRECTLY.
# yarn lockfile v1


lazysizes@^3.0.0:
  version "3.0.0"
  resolved "https://registry.yarnpkg.com/lazysizes/-/lazysizes-3.0.0.tgz#b1bacb5a0f28113ffa7b389ce2f35f1cff19d9b9"

picturefill@^3.0.2:
  version "3.0.2"
  resolved "https://registry.yarnpkg.com/picturefill/-/picturefill-3.0.2.tgz#fa3d35fffbef5ab5300fe2ad9dca8f2e36cba27b"
